
Microsoft Visual Studio Solution File, Format Version 12.00
# Visual Studio Version 16
VisualStudioVersion = 16.0.28803.156
MinimumVisualStudioVersion = 10.0.40219.1
Project("{FAE04EC0-301F-11D3-BF4B-00C04F79EFBC}") = "hakchi_gui", "hakchi_gui.csproj", "{F1F983FD-A54F-4881-8394-5A4BA65EFD6B}"
	ProjectSection(ProjectDependencies) = postProject
		{AEC446C6-FA7D-4224-83C4-87C270759403} = {AEC446C6-FA7D-4224-83C4-87C270759403}
	EndProjectSection
EndProject
Project("{FAE04EC0-301F-11D3-BF4B-00C04F79EFBC}") = "ProgressODoom", "Libraries\ProgressODoom\ProgressODoom.csproj", "{8DD1E84B-0B03-4C0B-9B42-1E49F75E7CB1}"
EndProject
Project("{FAE04EC0-301F-11D3-BF4B-00C04F79EFBC}") = "Renci.SshNet", "Libraries\SSH.NET\src\Renci.SshNet\Renci.SshNet.csproj", "{2F5F8C90-0BD1-424F-997C-7BC6280919D1}"
EndProject
Project("{FAE04EC0-301F-11D3-BF4B-00C04F79EFBC}") = "tiny7z", "Libraries\tiny7z\tiny7z\tiny7z.csproj", "{E52AE256-6645-423A-B262-2CC5B6060F94}"
EndProject
Project("{FAE04EC0-301F-11D3-BF4B-00C04F79EFBC}") = "nsi-helper", "NSI\nsi-helper\nsi-helper.csproj", "{8CEA386D-1CCA-4533-AA2D-9B3A3139338B}"
EndProject
Project("{FAE04EC0-301F-11D3-BF4B-00C04F79EFBC}") = "Zipper", "Zipper\Zipper.csproj", "{2865B421-2F1D-484B-9826-D92A002702E6}"
EndProject
Project("{8BC9CEB8-8B4A-11D0-8D11-00A0C91BC942}") = "Installer", "Makefile Projects\Installer.vcxproj", "{15F9D451-9DAF-4904-B2EC-6B485FCA86FD}"
	ProjectSection(ProjectDependencies) = postProject
		{2865B421-2F1D-484B-9826-D92A002702E6} = {2865B421-2F1D-484B-9826-D92A002702E6}
	EndProjectSection
EndProject
Project("{8BC9CEB8-8B4A-11D0-8D11-00A0C91BC942}") = "Installer (Web)", "Makefile Projects\Web Installer.vcxproj", "{1994C582-5BCD-45B1-A825-93123C16E33D}"
EndProject
Project("{8BC9CEB8-8B4A-11D0-8D11-00A0C91BC942}") = "ZIP Files", "Makefile Projects\ZIP Files.vcxproj", "{2A876B34-06C7-4CD4-AF78-6783AC37DBAC}"
	ProjectSection(ProjectDependencies) = postProject
		{2865B421-2F1D-484B-9826-D92A002702E6} = {2865B421-2F1D-484B-9826-D92A002702E6}
	EndProjectSection
EndProject
Project("{FAE04EC0-301F-11D3-BF4B-00C04F79EFBC}") = "FelLib", "Libraries\FelLib\FelLib\FelLib.csproj", "{3CB5E644-AB96-478C-8D88-093C48781174}"
EndProject
Project("{FAE04EC0-301F-11D3-BF4B-00C04F79EFBC}") = "CueSharp", "Libraries\CueSharp\CueSharp\CueSharp.csproj", "{AEC446C6-FA7D-4224-83C4-87C270759403}"
EndProject
Global
	GlobalSection(SolutionConfigurationPlatforms) = preSolution
		Debug|Any CPU = Debug|Any CPU
		Debug|x64 = Debug|x64
		Debug|x86 = Debug|x86
		Release|Any CPU = Release|Any CPU
		Release|x64 = Release|x64
		Release|x86 = Release|x86
	EndGlobalSection
	GlobalSection(ProjectConfigurationPlatforms) = postSolution
		{F1F983FD-A54F-4881-8394-5A4BA65EFD6B}.Debug|Any CPU.ActiveCfg = Debug|Any CPU
		{F1F983FD-A54F-4881-8394-5A4BA65EFD6B}.Debug|Any CPU.Build.0 = Debug|Any CPU
		{F1F983FD-A54F-4881-8394-5A4BA65EFD6B}.Debug|x64.ActiveCfg = Debug|Any CPU
		{F1F983FD-A54F-4881-8394-5A4BA65EFD6B}.Debug|x64.Build.0 = Debug|Any CPU
		{F1F983FD-A54F-4881-8394-5A4BA65EFD6B}.Debug|x86.ActiveCfg = Debug|Any CPU
		{F1F983FD-A54F-4881-8394-5A4BA65EFD6B}.Debug|x86.Build.0 = Debug|Any CPU
		{F1F983FD-A54F-4881-8394-5A4BA65EFD6B}.Release|Any CPU.ActiveCfg = Release|Any CPU
		{F1F983FD-A54F-4881-8394-5A4BA65EFD6B}.Release|Any CPU.Build.0 = Release|Any CPU
		{F1F983FD-A54F-4881-8394-5A4BA65EFD6B}.Release|x64.ActiveCfg = Release|Any CPU
		{F1F983FD-A54F-4881-8394-5A4BA65EFD6B}.Release|x64.Build.0 = Release|Any CPU
		{F1F983FD-A54F-4881-8394-5A4BA65EFD6B}.Release|x86.ActiveCfg = Release|Any CPU
		{F1F983FD-A54F-4881-8394-5A4BA65EFD6B}.Release|x86.Build.0 = Release|Any CPU
		{8DD1E84B-0B03-4C0B-9B42-1E49F75E7CB1}.Debug|Any CPU.ActiveCfg = Debug|Any CPU
		{8DD1E84B-0B03-4C0B-9B42-1E49F75E7CB1}.Debug|Any CPU.Build.0 = Debug|Any CPU
		{8DD1E84B-0B03-4C0B-9B42-1E49F75E7CB1}.Debug|x64.ActiveCfg = Debug|Any CPU
		{8DD1E84B-0B03-4C0B-9B42-1E49F75E7CB1}.Debug|x64.Build.0 = Debug|Any CPU
		{8DD1E84B-0B03-4C0B-9B42-1E49F75E7CB1}.Debug|x86.ActiveCfg = Debug|Any CPU
		{8DD1E84B-0B03-4C0B-9B42-1E49F75E7CB1}.Debug|x86.Build.0 = Debug|Any CPU
		{8DD1E84B-0B03-4C0B-9B42-1E49F75E7CB1}.Release|Any CPU.ActiveCfg = Release|Any CPU
		{8DD1E84B-0B03-4C0B-9B42-1E49F75E7CB1}.Release|Any CPU.Build.0 = Release|Any CPU
		{8DD1E84B-0B03-4C0B-9B42-1E49F75E7CB1}.Release|x64.ActiveCfg = Release|Any CPU
		{8DD1E84B-0B03-4C0B-9B42-1E49F75E7CB1}.Release|x64.Build.0 = Release|Any CPU
		{8DD1E84B-0B03-4C0B-9B42-1E49F75E7CB1}.Release|x86.ActiveCfg = Release|Any CPU
		{8DD1E84B-0B03-4C0B-9B42-1E49F75E7CB1}.Release|x86.Build.0 = Release|Any CPU
		{2F5F8C90-0BD1-424F-997C-7BC6280919D1}.Debug|Any CPU.ActiveCfg = Debug|Any CPU
		{2F5F8C90-0BD1-424F-997C-7BC6280919D1}.Debug|Any CPU.Build.0 = Debug|Any CPU
		{2F5F8C90-0BD1-424F-997C-7BC6280919D1}.Debug|x64.ActiveCfg = Debug|Any CPU
		{2F5F8C90-0BD1-424F-997C-7BC6280919D1}.Debug|x64.Build.0 = Debug|Any CPU
		{2F5F8C90-0BD1-424F-997C-7BC6280919D1}.Debug|x86.ActiveCfg = Debug|Any CPU
		{2F5F8C90-0BD1-424F-997C-7BC6280919D1}.Debug|x86.Build.0 = Debug|Any CPU
		{2F5F8C90-0BD1-424F-997C-7BC6280919D1}.Release|Any CPU.ActiveCfg = Release|Any CPU
		{2F5F8C90-0BD1-424F-997C-7BC6280919D1}.Release|Any CPU.Build.0 = Release|Any CPU
		{2F5F8C90-0BD1-424F-997C-7BC6280919D1}.Release|x64.ActiveCfg = Release|Any CPU
		{2F5F8C90-0BD1-424F-997C-7BC6280919D1}.Release|x64.Build.0 = Release|Any CPU
		{2F5F8C90-0BD1-424F-997C-7BC6280919D1}.Release|x86.ActiveCfg = Release|Any CPU
		{2F5F8C90-0BD1-424F-997C-7BC6280919D1}.Release|x86.Build.0 = Release|Any CPU
		{E52AE256-6645-423A-B262-2CC5B6060F94}.Debug|Any CPU.ActiveCfg = Debug|Any CPU
		{E52AE256-6645-423A-B262-2CC5B6060F94}.Debug|Any CPU.Build.0 = Debug|Any CPU
		{E52AE256-6645-423A-B262-2CC5B6060F94}.Debug|x64.ActiveCfg = Debug|Any CPU
		{E52AE256-6645-423A-B262-2CC5B6060F94}.Debug|x64.Build.0 = Debug|Any CPU
		{E52AE256-6645-423A-B262-2CC5B6060F94}.Debug|x86.ActiveCfg = Debug|Any CPU
		{E52AE256-6645-423A-B262-2CC5B6060F94}.Debug|x86.Build.0 = Debug|Any CPU
		{E52AE256-6645-423A-B262-2CC5B6060F94}.Release|Any CPU.ActiveCfg = Release|Any CPU
		{E52AE256-6645-423A-B262-2CC5B6060F94}.Release|Any CPU.Build.0 = Release|Any CPU
		{E52AE256-6645-423A-B262-2CC5B6060F94}.Release|x64.ActiveCfg = Release|Any CPU
		{E52AE256-6645-423A-B262-2CC5B6060F94}.Release|x64.Build.0 = Release|Any CPU
		{E52AE256-6645-423A-B262-2CC5B6060F94}.Release|x86.ActiveCfg = Release|Any CPU
		{E52AE256-6645-423A-B262-2CC5B6060F94}.Release|x86.Build.0 = Release|Any CPU
		{8CEA386D-1CCA-4533-AA2D-9B3A3139338B}.Debug|Any CPU.ActiveCfg = Debug|Any CPU
		{8CEA386D-1CCA-4533-AA2D-9B3A3139338B}.Debug|Any CPU.Build.0 = Debug|Any CPU
		{8CEA386D-1CCA-4533-AA2D-9B3A3139338B}.Debug|x64.ActiveCfg = Debug|Any CPU
		{8CEA386D-1CCA-4533-AA2D-9B3A3139338B}.Debug|x64.Build.0 = Debug|Any CPU
		{8CEA386D-1CCA-4533-AA2D-9B3A3139338B}.Debug|x86.ActiveCfg = Debug|Any CPU
		{8CEA386D-1CCA-4533-AA2D-9B3A3139338B}.Debug|x86.Build.0 = Debug|Any CPU
		{8CEA386D-1CCA-4533-AA2D-9B3A3139338B}.Release|Any CPU.ActiveCfg = Release|Any CPU
		{8CEA386D-1CCA-4533-AA2D-9B3A3139338B}.Release|Any CPU.Build.0 = Release|Any CPU
		{8CEA386D-1CCA-4533-AA2D-9B3A3139338B}.Release|x64.ActiveCfg = Release|Any CPU
		{8CEA386D-1CCA-4533-AA2D-9B3A3139338B}.Release|x64.Build.0 = Release|Any CPU
		{8CEA386D-1CCA-4533-AA2D-9B3A3139338B}.Release|x86.ActiveCfg = Release|Any CPU
		{8CEA386D-1CCA-4533-AA2D-9B3A3139338B}.Release|x86.Build.0 = Release|Any CPU
		{2865B421-2F1D-484B-9826-D92A002702E6}.Debug|Any CPU.ActiveCfg = Debug|Any CPU
		{2865B421-2F1D-484B-9826-D92A002702E6}.Debug|Any CPU.Build.0 = Debug|Any CPU
		{2865B421-2F1D-484B-9826-D92A002702E6}.Debug|x64.ActiveCfg = Debug|Any CPU
		{2865B421-2F1D-484B-9826-D92A002702E6}.Debug|x64.Build.0 = Debug|Any CPU
		{2865B421-2F1D-484B-9826-D92A002702E6}.Debug|x86.ActiveCfg = Debug|Any CPU
		{2865B421-2F1D-484B-9826-D92A002702E6}.Debug|x86.Build.0 = Debug|Any CPU
		{2865B421-2F1D-484B-9826-D92A002702E6}.Release|Any CPU.ActiveCfg = Release|Any CPU
		{2865B421-2F1D-484B-9826-D92A002702E6}.Release|Any CPU.Build.0 = Release|Any CPU
		{2865B421-2F1D-484B-9826-D92A002702E6}.Release|x64.ActiveCfg = Release|Any CPU
		{2865B421-2F1D-484B-9826-D92A002702E6}.Release|x64.Build.0 = Release|Any CPU
		{2865B421-2F1D-484B-9826-D92A002702E6}.Release|x86.ActiveCfg = Release|Any CPU
		{2865B421-2F1D-484B-9826-D92A002702E6}.Release|x86.Build.0 = Release|Any CPU
		{15F9D451-9DAF-4904-B2EC-6B485FCA86FD}.Debug|Any CPU.ActiveCfg = Debug|Win32
		{15F9D451-9DAF-4904-B2EC-6B485FCA86FD}.Debug|x64.ActiveCfg = Debug|x64
		{15F9D451-9DAF-4904-B2EC-6B485FCA86FD}.Debug|x64.Build.0 = Debug|x64
		{15F9D451-9DAF-4904-B2EC-6B485FCA86FD}.Debug|x86.ActiveCfg = Debug|Win32
		{15F9D451-9DAF-4904-B2EC-6B485FCA86FD}.Debug|x86.Build.0 = Debug|Win32
		{15F9D451-9DAF-4904-B2EC-6B485FCA86FD}.Release|Any CPU.ActiveCfg = Release|Win32
		{15F9D451-9DAF-4904-B2EC-6B485FCA86FD}.Release|x64.ActiveCfg = Release|x64
		{15F9D451-9DAF-4904-B2EC-6B485FCA86FD}.Release|x64.Build.0 = Release|x64
		{15F9D451-9DAF-4904-B2EC-6B485FCA86FD}.Release|x86.ActiveCfg = Release|Win32
		{15F9D451-9DAF-4904-B2EC-6B485FCA86FD}.Release|x86.Build.0 = Release|Win32
		{1994C582-5BCD-45B1-A825-93123C16E33D}.Debug|Any CPU.ActiveCfg = Debug|Win32
		{1994C582-5BCD-45B1-A825-93123C16E33D}.Debug|x64.ActiveCfg = Debug|x64
		{1994C582-5BCD-45B1-A825-93123C16E33D}.Debug|x64.Build.0 = Debug|x64
		{1994C582-5BCD-45B1-A825-93123C16E33D}.Debug|x86.ActiveCfg = Debug|Win32
		{1994C582-5BCD-45B1-A825-93123C16E33D}.Debug|x86.Build.0 = Debug|Win32
		{1994C582-5BCD-45B1-A825-93123C16E33D}.Release|Any CPU.ActiveCfg = Release|Win32
		{1994C582-5BCD-45B1-A825-93123C16E33D}.Release|x64.ActiveCfg = Release|x64
		{1994C582-5BCD-45B1-A825-93123C16E33D}.Release|x64.Build.0 = Release|x64
		{1994C582-5BCD-45B1-A825-93123C16E33D}.Release|x86.ActiveCfg = Release|Win32
		{1994C582-5BCD-45B1-A825-93123C16E33D}.Release|x86.Build.0 = Release|Win32
		{2A876B34-06C7-4CD4-AF78-6783AC37DBAC}.Debug|Any CPU.ActiveCfg = Debug|Win32
		{2A876B34-06C7-4CD4-AF78-6783AC37DBAC}.Debug|x64.ActiveCfg = Debug|x64
		{2A876B34-06C7-4CD4-AF78-6783AC37DBAC}.Debug|x64.Build.0 = Debug|x64
		{2A876B34-06C7-4CD4-AF78-6783AC37DBAC}.Debug|x86.ActiveCfg = Debug|Win32
		{2A876B34-06C7-4CD4-AF78-6783AC37DBAC}.Debug|x86.Build.0 = Debug|Win32
		{2A876B34-06C7-4CD4-AF78-6783AC37DBAC}.Release|Any CPU.ActiveCfg = Release|Win32
		{2A876B34-06C7-4CD4-AF78-6783AC37DBAC}.Release|x64.ActiveCfg = Release|x64
		{2A876B34-06C7-4CD4-AF78-6783AC37DBAC}.Release|x64.Build.0 = Release|x64
		{2A876B34-06C7-4CD4-AF78-6783AC37DBAC}.Release|x86.ActiveCfg = Release|Win32
		{2A876B34-06C7-4CD4-AF78-6783AC37DBAC}.Release|x86.Build.0 = Release|Win32
		{3CB5E644-AB96-478C-8D88-093C48781174}.Debug|Any CPU.ActiveCfg = Debug|Any CPU
		{3CB5E644-AB96-478C-8D88-093C48781174}.Debug|Any CPU.Build.0 = Debug|Any CPU
		{3CB5E644-AB96-478C-8D88-093C48781174}.Debug|x64.ActiveCfg = Debug|Any CPU
		{3CB5E644-AB96-478C-8D88-093C48781174}.Debug|x64.Build.0 = Debug|Any CPU
		{3CB5E644-AB96-478C-8D88-093C48781174}.Debug|x86.ActiveCfg = Debug|Any CPU
		{3CB5E644-AB96-478C-8D88-093C48781174}.Debug|x86.Build.0 = Debug|Any CPU
		{3CB5E644-AB96-478C-8D88-093C48781174}.Release|Any CPU.ActiveCfg = Release|Any CPU
		{3CB5E644-AB96-478C-8D88-093C48781174}.Release|Any CPU.Build.0 = Release|Any CPU
		{3CB5E644-AB96-478C-8D88-093C48781174}.Release|x64.ActiveCfg = Release|Any CPU
		{3CB5E644-AB96-478C-8D88-093C48781174}.Release|x64.Build.0 = Release|Any CPU
		{3CB5E644-AB96-478C-8D88-093C48781174}.Release|x86.ActiveCfg = Release|Any CPU
		{3CB5E644-AB96-478C-8D88-093C48781174}.Release|x86.Build.0 = Release|Any CPU
		{AEC446C6-FA7D-4224-83C4-87C270759403}.Debug|Any CPU.ActiveCfg = Debug|Any CPU
		{AEC446C6-FA7D-4224-83C4-87C270759403}.Debug|Any CPU.Build.0 = Debug|Any CPU
		{AEC446C6-FA7D-4224-83C4-87C270759403}.Debug|x64.ActiveCfg = Debug|Any CPU
		{AEC446C6-FA7D-4224-83C4-87C270759403}.Debug|x64.Build.0 = Debug|Any CPU
		{AEC446C6-FA7D-4224-83C4-87C270759403}.Debug|x86.ActiveCfg = Debug|Any CPU
		{AEC446C6-FA7D-4224-83C4-87C270759403}.Debug|x86.Build.0 = Debug|Any CPU
		{AEC446C6-FA7D-4224-83C4-87C270759403}.Release|Any CPU.ActiveCfg = Release|Any CPU
		{AEC446C6-FA7D-4224-83C4-87C270759403}.Release|Any CPU.Build.0 = Release|Any CPU
		{AEC446C6-FA7D-4224-83C4-87C270759403}.Release|x64.ActiveCfg = Release|Any CPU
		{AEC446C6-FA7D-4224-83C4-87C270759403}.Release|x64.Build.0 = Release|Any CPU
		{AEC446C6-FA7D-4224-83C4-87C270759403}.Release|x86.ActiveCfg = Release|Any CPU
		{AEC446C6-FA7D-4224-83C4-87C270759403}.Release|x86.Build.0 = Release|Any CPU
	EndGlobalSection
	GlobalSection(SolutionProperties) = preSolution
		HideSolutionNode = FALSE
	EndGlobalSection
	GlobalSection(ExtensibilityGlobals) = postSolution
		SolutionGuid = {56A76CA1-7238-4A0C-BFD9-92EA7D485159}
	EndGlobalSection
EndGlobal
