
Microsoft Visual Studio Solution File, Format Version 12.00
# Visual Studio 15
VisualStudioVersion = 15.0.27428.2005
MinimumVisualStudioVersion = 10.0.40219.1
Project("{FAE04EC0-301F-11D3-BF4B-00C04F79EFBC}") = "hakchi_gui", "hakchi_gui.csproj", "{F1F983FD-A54F-4881-8394-5A4BA65EFD6B}"
EndProject
Project("{FAE04EC0-301F-11D3-BF4B-00C04F79EFBC}") = "Renci.SshNet", "SSH.NET\src\Renci.SshNet\Renci.SshNet.csproj", "{2F5F8C90-0BD1-424F-997C-7BC6280919D1}"
EndProject
Project("{FAE04EC0-301F-11D3-BF4B-00C04F79EFBC}") = "ProgressODoom", "ProgressODoom\ProgressODoom.csproj", "{8DD1E84B-0B03-4C0B-9B42-1E49F75E7CB1}"
EndProject
Project("{FAE04EC0-301F-11D3-BF4B-00C04F79EFBC}") = "DnsUtils", "DnsUtils\DnsUtils\DnsUtils.csproj", "{2F5B45D4-C5B1-46F4-BB78-02500D78BA6E}"
EndProject
Project("{FAE04EC0-301F-11D3-BF4B-00C04F79EFBC}") = "tiny7z", "tiny7z\tiny7z\tiny7z.csproj", "{E52AE256-6645-423A-B262-2CC5B6060F94}"
EndProject
Global
	GlobalSection(SolutionConfigurationPlatforms) = preSolution
		Debug|Any CPU = Debug|Any CPU
		Release|Any CPU = Release|Any CPU
	EndGlobalSection
	GlobalSection(ProjectConfigurationPlatforms) = postSolution
		{F1F983FD-A54F-4881-8394-5A4BA65EFD6B}.Debug|Any CPU.ActiveCfg = Debug|Any CPU
		{F1F983FD-A54F-4881-8394-5A4BA65EFD6B}.Debug|Any CPU.Build.0 = Debug|Any CPU
		{F1F983FD-A54F-4881-8394-5A4BA65EFD6B}.Release|Any CPU.ActiveCfg = Release|Any CPU
		{F1F983FD-A54F-4881-8394-5A4BA65EFD6B}.Release|Any CPU.Build.0 = Release|Any CPU
		{2F5F8C90-0BD1-424F-997C-7BC6280919D1}.Debug|Any CPU.ActiveCfg = Debug|Any CPU
		{2F5F8C90-0BD1-424F-997C-7BC6280919D1}.Debug|Any CPU.Build.0 = Debug|Any CPU
		{2F5F8C90-0BD1-424F-997C-7BC6280919D1}.Release|Any CPU.ActiveCfg = Release|Any CPU
		{2F5F8C90-0BD1-424F-997C-7BC6280919D1}.Release|Any CPU.Build.0 = Release|Any CPU
		{8DD1E84B-0B03-4C0B-9B42-1E49F75E7CB1}.Debug|Any CPU.ActiveCfg = Debug|Any CPU
		{8DD1E84B-0B03-4C0B-9B42-1E49F75E7CB1}.Debug|Any CPU.Build.0 = Debug|Any CPU
		{8DD1E84B-0B03-4C0B-9B42-1E49F75E7CB1}.Release|Any CPU.ActiveCfg = Release|Any CPU
		{8DD1E84B-0B03-4C0B-9B42-1E49F75E7CB1}.Release|Any CPU.Build.0 = Release|Any CPU
		{2F5B45D4-C5B1-46F4-BB78-02500D78BA6E}.Debug|Any CPU.ActiveCfg = Debug|Any CPU
		{2F5B45D4-C5B1-46F4-BB78-02500D78BA6E}.Debug|Any CPU.Build.0 = Debug|Any CPU
		{2F5B45D4-C5B1-46F4-BB78-02500D78BA6E}.Release|Any CPU.ActiveCfg = Release|Any CPU
		{2F5B45D4-C5B1-46F4-BB78-02500D78BA6E}.Release|Any CPU.Build.0 = Release|Any CPU
		{E52AE256-6645-423A-B262-2CC5B6060F94}.Debug|Any CPU.ActiveCfg = Debug|Any CPU
		{E52AE256-6645-423A-B262-2CC5B6060F94}.Debug|Any CPU.Build.0 = Debug|Any CPU
		{E52AE256-6645-423A-B262-2CC5B6060F94}.Release|Any CPU.ActiveCfg = Release|Any CPU
		{E52AE256-6645-423A-B262-2CC5B6060F94}.Release|Any CPU.Build.0 = Release|Any CPU
	EndGlobalSection
	GlobalSection(SolutionProperties) = preSolution
		HideSolutionNode = FALSE
	EndGlobalSection
	GlobalSection(ExtensibilityGlobals) = postSolution
		SolutionGuid = {56A76CA1-7238-4A0C-BFD9-92EA7D485159}
	EndGlobalSection
EndGlobal
