<?xml version="1.0" encoding="utf-8"?>
<Project ToolsVersion="4.0" xmlns="http://schemas.microsoft.com/developer/msbuild/2003">
  <ItemGroup>
    <Filter Include="Source Files">
      <UniqueIdentifier>{4FC737F1-C7A5-4376-A066-2A32D752A2FF}</UniqueIdentifier>
      <Extensions>cpp;c;cc;cxx;def;odl;idl;hpj;bat;asm;asmx</Extensions>
    </Filter>
    <Filter Include="Header Files">
      <UniqueIdentifier>{93995380-89BD-4b04-88EB-625FBE52EBFB}</UniqueIdentifier>
      <Extensions>h;hpp;hxx;hm;inl;inc;xsd</Extensions>
    </Filter>
    <Filter Include="Resource Files">
      <UniqueIdentifier>{764477b1-9f30-48f4-b48e-dacb7fd3784f}</UniqueIdentifier>
    </Filter>
  </ItemGroup>
  <ItemGroup>
    <ClCompile Include="..\libwdi.c">
      <Filter>Source Files</Filter>
    </ClCompile>
    <ClCompile Include="..\libwdi_dlg.c">
      <Filter>Source Files</Filter>
    </ClCompile>
    <ClCompile Include="..\logging.c">
      <Filter>Source Files</Filter>
    </ClCompile>
    <ClCompile Include="..\tokenizer.c">
      <Filter>Source Files</Filter>
    </ClCompile>
    <ClCompile Include="..\vid_data.c">
      <Filter>Source Files</Filter>
    </ClCompile>
    <ClCompile Include="..\pki.c">
      <Filter>Source Files</Filter>
    </ClCompile>
  </ItemGroup>
  <ItemGroup>
    <ClInclude Include="..\..\msvc\config.h">
      <Filter>Header Files</Filter>
    </ClInclude>
    <ClInclude Include="..\installer.h">
      <Filter>Header Files</Filter>
    </ClInclude>
    <ClInclude Include="..\libwdi.h">
      <Filter>Header Files</Filter>
    </ClInclude>
    <ClInclude Include="..\logging.h">
      <Filter>Header Files</Filter>
    </ClInclude>
    <ClInclude Include="..\msapi_utf8.h">
      <Filter>Header Files</Filter>
    </ClInclude>
    <ClInclude Include="..\resource.h">
      <Filter>Header Files</Filter>
    </ClInclude>
    <ClInclude Include="..\tokenizer.h">
      <Filter>Header Files</Filter>
    </ClInclude>
    <ClInclude Include="..\mssign32.h">
      <Filter>Header Files</Filter>
    </ClInclude>
    <ClInclude Include="..\libwdi_i.h">
      <Filter>Header Files</Filter>
    </ClInclude>
  </ItemGroup>
  <ItemGroup>
    <None Include="..\libwdi.def">
      <Filter>Source Files</Filter>
    </None>
    <None Include="..\libusb0.inf.in">
      <Filter>Resource Files</Filter>
    </None>
    <None Include="..\libusbk.inf.in">
      <Filter>Resource Files</Filter>
    </None>
    <None Include="..\winusb.inf.in">
      <Filter>Resource Files</Filter>
    </None>
    <None Include="..\usbser.inf.in">
      <Filter>Resource Files</Filter>
    </None>
  </ItemGroup>
  <ItemGroup>
    <ResourceCompile Include="..\libwdi.rc">
      <Filter>Resource Files</Filter>
    </ResourceCompile>
  </ItemGroup>
</Project>